// !$*UTF8*$!
{
	archiveVersion = 1;
	classes = {
	};
	objectVersion = 56;
	objects = {

/* Begin PBXBuildFile section */
		1716A3BE2B9F7B42008FFCCC /* HealthDataViewControllerWrapper.swift in Sources */ = {isa = PBXBuildFile; fileRef = 1716A3BD2B9F7B42008FFCCC /* HealthDataViewControllerWrapper.swift */; };
		1716A3C22B9F96D8008FFCCC /* LocationDataControllerWrapper.swift in Sources */ = {isa = PBXBuildFile; fileRef = 1716A3C12B9F96D8008FFCCC /* LocationDataControllerWrapper.swift */; };
		1716A3C42B9F996C008FFCCC /* UserData.swift in Sources */ = {isa = PBXBuildFile; fileRef = 1716A3C32B9F996C008FFCCC /* UserData.swift */; };
		1716A3C62B9FA76E008FFCCC /* HealthData.swift in Sources */ = {isa = PBXBuildFile; fileRef = 1716A3C52B9FA76E008FFCCC /* HealthData.swift */; };
		1716A3CA2B9FBD3A008FFCCC /* LocationData.swift in Sources */ = {isa = PBXBuildFile; fileRef = 1716A3C92B9FBD3A008FFCCC /* LocationData.swift */; };
		1716A3CE2B9FC032008FFCCC /* UserIDInputView.swift in Sources */ = {isa = PBXBuildFile; fileRef = 1716A3CD2B9FC032008FFCCC /* UserIDInputView.swift */; };
		1716A3D02B9FDC64008FFCCC /* UserIDEntryView.swift in Sources */ = {isa = PBXBuildFile; fileRef = 1716A3CF2B9FDC64008FFCCC /* UserIDEntryView.swift */; };
		1716A3D22B9FDE08008FFCCC /* UserDataView.swift in Sources */ = {isa = PBXBuildFile; fileRef = 1716A3D12B9FDE08008FFCCC /* UserDataView.swift */; };
		1716A3D42BA0CBC5008FFCCC /* UserDefaults.swift in Sources */ = {isa = PBXBuildFile; fileRef = 1716A3D32BA0CBC5008FFCCC /* UserDefaults.swift */; };
		1716A3D62BA0CBEC008FFCCC /* UserManager.swift in Sources */ = {isa = PBXBuildFile; fileRef = 1716A3D52BA0CBEC008FFCCC /* UserManager.swift */; };
		177C312A2B9E23B900CAA177 /* ThingApp.swift in Sources */ = {isa = PBXBuildFile; fileRef = 177C31292B9E23B900CAA177 /* ThingApp.swift */; };
		177C312C2B9E23B900CAA177 /* ContentView.swift in Sources */ = {isa = PBXBuildFile; fileRef = 177C312B2B9E23B900CAA177 /* ContentView.swift */; };
		177C312E2B9E23BA00CAA177 /* Assets.xcassets in Resources */ = {isa = PBXBuildFile; fileRef = 177C312D2B9E23BA00CAA177 /* Assets.xcassets */; };
		177C31312B9E23BA00CAA177 /* Preview Assets.xcassets in Resources */ = {isa = PBXBuildFile; fileRef = 177C31302B9E23BA00CAA177 /* Preview Assets.xcassets */; };
		177C313B2B9E23BA00CAA177 /* ThingTests.swift in Sources */ = {isa = PBXBuildFile; fileRef = 177C313A2B9E23BA00CAA177 /* ThingTests.swift */; };
		177C31452B9E23BA00CAA177 /* ThingUITests.swift in Sources */ = {isa = PBXBuildFile; fileRef = 177C31442B9E23BA00CAA177 /* ThingUITests.swift */; };
		177C31472B9E23BA00CAA177 /* ThingUITestsLaunchTests.swift in Sources */ = {isa = PBXBuildFile; fileRef = 177C31462B9E23BA00CAA177 /* ThingUITestsLaunchTests.swift */; };
/* End PBXBuildFile section */

/* Begin PBXContainerItemProxy section */
		177C31372B9E23BA00CAA177 /* PBXContainerItemProxy */ = {
			isa = PBXContainerItemProxy;
			containerPortal = 177C311E2B9E23B900CAA177 /* Project object */;
			proxyType = 1;
			remoteGlobalIDString = 177C31252B9E23B900CAA177;
			remoteInfo = Thing;
		};
		177C31412B9E23BA00CAA177 /* PBXContainerItemProxy */ = {
			isa = PBXContainerItemProxy;
			containerPortal = 177C311E2B9E23B900CAA177 /* Project object */;
			proxyType = 1;
			remoteGlobalIDString = 177C31252B9E23B900CAA177;
			remoteInfo = Thing;
		};
/* End PBXContainerItemProxy section */

/* Begin PBXFileReference section */
		1716A3BA2B9F74D2008FFCCC /* Thing.entitlements */ = {isa = PBXFileReference; lastKnownFileType = text.plist.entitlements; path = Thing.entitlements; sourceTree = "<group>"; };
		1716A3BD2B9F7B42008FFCCC /* HealthDataViewControllerWrapper.swift */ = {isa = PBXFileReference; lastKnownFileType = sourcecode.swift; path = HealthDataViewControllerWrapper.swift; sourceTree = "<group>"; };
		1716A3C12B9F96D8008FFCCC /* LocationDataControllerWrapper.swift */ = {isa = PBXFileReference; lastKnownFileType = sourcecode.swift; path = LocationDataControllerWrapper.swift; sourceTree = "<group>"; };
		1716A3C32B9F996C008FFCCC /* UserData.swift */ = {isa = PBXFileReference; lastKnownFileType = sourcecode.swift; path = UserData.swift; sourceTree = "<group>"; };
		1716A3C52B9FA76E008FFCCC /* HealthData.swift */ = {isa = PBXFileReference; lastKnownFileType = sourcecode.swift; path = HealthData.swift; sourceTree = "<group>"; };
		1716A3C92B9FBD3A008FFCCC /* LocationData.swift */ = {isa = PBXFileReference; lastKnownFileType = sourcecode.swift; path = LocationData.swift; sourceTree = "<group>"; };
		1716A3CD2B9FC032008FFCCC /* UserIDInputView.swift */ = {isa = PBXFileReference; lastKnownFileType = sourcecode.swift; path = UserIDInputView.swift; sourceTree = "<group>"; };
		1716A3CF2B9FDC64008FFCCC /* UserIDEntryView.swift */ = {isa = PBXFileReference; lastKnownFileType = sourcecode.swift; path = UserIDEntryView.swift; sourceTree = "<group>"; };
		1716A3D12B9FDE08008FFCCC /* UserDataView.swift */ = {isa = PBXFileReference; lastKnownFileType = sourcecode.swift; path = UserDataView.swift; sourceTree = "<group>"; };
		1716A3D32BA0CBC5008FFCCC /* UserDefaults.swift */ = {isa = PBXFileReference; fileEncoding = 4; lastKnownFileType = sourcecode.swift; path = UserDefaults.swift; sourceTree = "<group>"; };
		1716A3D52BA0CBEC008FFCCC /* UserManager.swift */ = {isa = PBXFileReference; fileEncoding = 4; lastKnownFileType = sourcecode.swift; path = UserManager.swift; sourceTree = "<group>"; };
		177C31262B9E23B900CAA177 /* Thing.app */ = {isa = PBXFileReference; explicitFileType = wrapper.application; includeInIndex = 0; path = Thing.app; sourceTree = BUILT_PRODUCTS_DIR; };
		177C31292B9E23B900CAA177 /* ThingApp.swift */ = {isa = PBXFileReference; lastKnownFileType = sourcecode.swift; path = ThingApp.swift; sourceTree = "<group>"; };
		177C312B2B9E23B900CAA177 /* ContentView.swift */ = {isa = PBXFileReference; lastKnownFileType = sourcecode.swift; path = ContentView.swift; sourceTree = "<group>"; };
		177C312D2B9E23BA00CAA177 /* Assets.xcassets */ = {isa = PBXFileReference; lastKnownFileType = folder.assetcatalog; path = Assets.xcassets; sourceTree = "<group>"; };
		177C31302B9E23BA00CAA177 /* Preview Assets.xcassets */ = {isa = PBXFileReference; lastKnownFileType = folder.assetcatalog; path = "Preview Assets.xcassets"; sourceTree = "<group>"; };
		177C31362B9E23BA00CAA177 /* ThingTests.xctest */ = {isa = PBXFileReference; explicitFileType = wrapper.cfbundle; includeInIndex = 0; path = ThingTests.xctest; sourceTree = BUILT_PRODUCTS_DIR; };
		177C313A2B9E23BA00CAA177 /* ThingTests.swift */ = {isa = PBXFileReference; lastKnownFileType = sourcecode.swift; path = ThingTests.swift; sourceTree = "<group>"; };
		177C31402B9E23BA00CAA177 /* ThingUITests.xctest */ = {isa = PBXFileReference; explicitFileType = wrapper.cfbundle; includeInIndex = 0; path = ThingUITests.xctest; sourceTree = BUILT_PRODUCTS_DIR; };
		177C31442B9E23BA00CAA177 /* ThingUITests.swift */ = {isa = PBXFileReference; lastKnownFileType = sourcecode.swift; path = ThingUITests.swift; sourceTree = "<group>"; };
		177C31462B9E23BA00CAA177 /* ThingUITestsLaunchTests.swift */ = {isa = PBXFileReference; lastKnownFileType = sourcecode.swift; path = ThingUITestsLaunchTests.swift; sourceTree = "<group>"; };
/* End PBXFileReference section */

/* Begin PBXFrameworksBuildPhase section */
		177C31232B9E23B900CAA177 /* Frameworks */ = {
			isa = PBXFrameworksBuildPhase;
			buildActionMask = 2147483647;
			files = (
			);
			runOnlyForDeploymentPostprocessing = 0;
		};
		177C31332B9E23BA00CAA177 /* Frameworks */ = {
			isa = PBXFrameworksBuildPhase;
			buildActionMask = 2147483647;
			files = (
			);
			runOnlyForDeploymentPostprocessing = 0;
		};
		177C313D2B9E23BA00CAA177 /* Frameworks */ = {
			isa = PBXFrameworksBuildPhase;
			buildActionMask = 2147483647;
			files = (
			);
			runOnlyForDeploymentPostprocessing = 0;
		};
/* End PBXFrameworksBuildPhase section */

/* Begin PBXGroup section */
		177C311D2B9E23B900CAA177 = {
			isa = PBXGroup;
			children = (
				177C31282B9E23B900CAA177 /* Thing */,
				177C31392B9E23BA00CAA177 /* ThingTests */,
				177C31432B9E23BA00CAA177 /* ThingUITests */,
				177C31272B9E23B900CAA177 /* Products */,
			);
			sourceTree = "<group>";
		};
		177C31272B9E23B900CAA177 /* Products */ = {
			isa = PBXGroup;
			children = (
				177C31262B9E23B900CAA177 /* Thing.app */,
				177C31362B9E23BA00CAA177 /* ThingTests.xctest */,
				177C31402B9E23BA00CAA177 /* ThingUITests.xctest */,
			);
			name = Products;
			sourceTree = "<group>";
		};
		177C31282B9E23B900CAA177 /* Thing */ = {
			isa = PBXGroup;
			children = (
				1716A3BA2B9F74D2008FFCCC /* Thing.entitlements */,
				177C31292B9E23B900CAA177 /* ThingApp.swift */,
				177C312B2B9E23B900CAA177 /* ContentView.swift */,
				1716A3CF2B9FDC64008FFCCC /* UserIDEntryView.swift */,
				1716A3CD2B9FC032008FFCCC /* UserIDInputView.swift */,
				1716A3BD2B9F7B42008FFCCC /* HealthDataViewControllerWrapper.swift */,
				1716A3C52B9FA76E008FFCCC /* HealthData.swift */,
				1716A3D52BA0CBEC008FFCCC /* UserManager.swift */,
				1716A3C92B9FBD3A008FFCCC /* LocationData.swift */,
				1716A3C32B9F996C008FFCCC /* UserData.swift */,
				1716A3D32BA0CBC5008FFCCC /* UserDefaults.swift */,
				1716A3D12B9FDE08008FFCCC /* UserDataView.swift */,
				1716A3C12B9F96D8008FFCCC /* LocationDataControllerWrapper.swift */,
				177C312D2B9E23BA00CAA177 /* Assets.xcassets */,
				177C312F2B9E23BA00CAA177 /* Preview Content */,
			);
			path = Thing;
			sourceTree = "<group>";
		};
		177C312F2B9E23BA00CAA177 /* Preview Content */ = {
			isa = PBXGroup;
			children = (
				177C31302B9E23BA00CAA177 /* Preview Assets.xcassets */,
			);
			path = "Preview Content";
			sourceTree = "<group>";
		};
		177C31392B9E23BA00CAA177 /* ThingTests */ = {
			isa = PBXGroup;
			children = (
				177C313A2B9E23BA00CAA177 /* ThingTests.swift */,
			);
			path = ThingTests;
			sourceTree = "<group>";
		};
		177C31432B9E23BA00CAA177 /* ThingUITests */ = {
			isa = PBXGroup;
			children = (
				177C31442B9E23BA00CAA177 /* ThingUITests.swift */,
				177C31462B9E23BA00CAA177 /* ThingUITestsLaunchTests.swift */,
			);
			path = ThingUITests;
			sourceTree = "<group>";
		};
/* End PBXGroup section */

/* Begin PBXNativeTarget section */
		177C31252B9E23B900CAA177 /* Thing */ = {
			isa = PBXNativeTarget;
			buildConfigurationList = 177C314A2B9E23BA00CAA177 /* Build configuration list for PBXNativeTarget "Thing" */;
			buildPhases = (
				177C31222B9E23B900CAA177 /* Sources */,
				177C31232B9E23B900CAA177 /* Frameworks */,
				177C31242B9E23B900CAA177 /* Resources */,
			);
			buildRules = (
			);
			dependencies = (
			);
			name = Thing;
			productName = Thing;
			productReference = 177C31262B9E23B900CAA177 /* Thing.app */;
			productType = "com.apple.product-type.application";
		};
		177C31352B9E23BA00CAA177 /* ThingTests */ = {
			isa = PBXNativeTarget;
			buildConfigurationList = 177C314D2B9E23BA00CAA177 /* Build configuration list for PBXNativeTarget "ThingTests" */;
			buildPhases = (
				177C31322B9E23BA00CAA177 /* Sources */,
				177C31332B9E23BA00CAA177 /* Frameworks */,
				177C31342B9E23BA00CAA177 /* Resources */,
			);
			buildRules = (
			);
			dependencies = (
				177C31382B9E23BA00CAA177 /* PBXTargetDependency */,
			);
			name = ThingTests;
			productName = ThingTests;
			productReference = 177C31362B9E23BA00CAA177 /* ThingTests.xctest */;
			productType = "com.apple.product-type.bundle.unit-test";
		};
		177C313F2B9E23BA00CAA177 /* ThingUITests */ = {
			isa = PBXNativeTarget;
			buildConfigurationList = 177C31502B9E23BA00CAA177 /* Build configuration list for PBXNativeTarget "ThingUITests" */;
			buildPhases = (
				177C313C2B9E23BA00CAA177 /* Sources */,
				177C313D2B9E23BA00CAA177 /* Frameworks */,
				177C313E2B9E23BA00CAA177 /* Resources */,
			);
			buildRules = (
			);
			dependencies = (
				177C31422B9E23BA00CAA177 /* PBXTargetDependency */,
			);
			name = ThingUITests;
			productName = ThingUITests;
			productReference = 177C31402B9E23BA00CAA177 /* ThingUITests.xctest */;
			productType = "com.apple.product-type.bundle.ui-testing";
		};
/* End PBXNativeTarget section */

/* Begin PBXProject section */
		177C311E2B9E23B900CAA177 /* Project object */ = {
			isa = PBXProject;
			attributes = {
				BuildIndependentTargetsInParallel = 1;
				LastSwiftUpdateCheck = 1520;
				LastUpgradeCheck = 1520;
				TargetAttributes = {
					177C31252B9E23B900CAA177 = {
						CreatedOnToolsVersion = 15.2;
					};
					177C31352B9E23BA00CAA177 = {
						CreatedOnToolsVersion = 15.2;
						TestTargetID = 177C31252B9E23B900CAA177;
					};
					177C313F2B9E23BA00CAA177 = {
						CreatedOnToolsVersion = 15.2;
						TestTargetID = 177C31252B9E23B900CAA177;
					};
				};
			};
			buildConfigurationList = 177C31212B9E23B900CAA177 /* Build configuration list for PBXProject "Thing" */;
			compatibilityVersion = "Xcode 14.0";
			developmentRegion = en;
			hasScannedForEncodings = 0;
			knownRegions = (
				en,
				Base,
			);
			mainGroup = 177C311D2B9E23B900CAA177;
			productRefGroup = 177C31272B9E23B900CAA177 /* Products */;
			projectDirPath = "";
			projectRoot = "";
			targets = (
				177C31252B9E23B900CAA177 /* Thing */,
				177C31352B9E23BA00CAA177 /* ThingTests */,
				177C313F2B9E23BA00CAA177 /* ThingUITests */,
			);
		};
/* End PBXProject section */

/* Begin PBXResourcesBuildPhase section */
		177C31242B9E23B900CAA177 /* Resources */ = {
			isa = PBXResourcesBuildPhase;
			buildActionMask = 2147483647;
			files = (
				177C31312B9E23BA00CAA177 /* Preview Assets.xcassets in Resources */,
				177C312E2B9E23BA00CAA177 /* Assets.xcassets in Resources */,
			);
			runOnlyForDeploymentPostprocessing = 0;
		};
		177C31342B9E23BA00CAA177 /* Resources */ = {
			isa = PBXResourcesBuildPhase;
			buildActionMask = 2147483647;
			files = (
			);
			runOnlyForDeploymentPostprocessing = 0;
		};
		177C313E2B9E23BA00CAA177 /* Resources */ = {
			isa = PBXResourcesBuildPhase;
			buildActionMask = 2147483647;
			files = (
			);
			runOnlyForDeploymentPostprocessing = 0;
		};
/* End PBXResourcesBuildPhase section */

/* Begin PBXSourcesBuildPhase section */
		177C31222B9E23B900CAA177 /* Sources */ = {
			isa = PBXSourcesBuildPhase;
			buildActionMask = 2147483647;
			files = (
				1716A3C22B9F96D8008FFCCC /* LocationDataControllerWrapper.swift in Sources */,
				1716A3BE2B9F7B42008FFCCC /* HealthDataViewControllerWrapper.swift in Sources */,
				177C312C2B9E23B900CAA177 /* ContentView.swift in Sources */,
				1716A3D42BA0CBC5008FFCCC /* UserDefaults.swift in Sources */,
				1716A3CE2B9FC032008FFCCC /* UserIDInputView.swift in Sources */,
				1716A3C62B9FA76E008FFCCC /* HealthData.swift in Sources */,
				1716A3D62BA0CBEC008FFCCC /* UserManager.swift in Sources */,
				1716A3CA2B9FBD3A008FFCCC /* LocationData.swift in Sources */,
				1716A3D22B9FDE08008FFCCC /* UserDataView.swift in Sources */,
				1716A3C42B9F996C008FFCCC /* UserData.swift in Sources */,
				177C312A2B9E23B900CAA177 /* ThingApp.swift in Sources */,
				1716A3D02B9FDC64008FFCCC /* UserIDEntryView.swift in Sources */,
			);
			runOnlyForDeploymentPostprocessing = 0;
		};
		177C31322B9E23BA00CAA177 /* Sources */ = {
			isa = PBXSourcesBuildPhase;
			buildActionMask = 2147483647;
			files = (
				177C313B2B9E23BA00CAA177 /* ThingTests.swift in Sources */,
			);
			runOnlyForDeploymentPostprocessing = 0;
		};
		177C313C2B9E23BA00CAA177 /* Sources */ = {
			isa = PBXSourcesBuildPhase;
			buildActionMask = 2147483647;
			files = (
				177C31452B9E23BA00CAA177 /* ThingUITests.swift in Sources */,
				177C31472B9E23BA00CAA177 /* ThingUITestsLaunchTests.swift in Sources */,
			);
			runOnlyForDeploymentPostprocessing = 0;
		};
/* End PBXSourcesBuildPhase section */

/* Begin PBXTargetDependency section */
		177C31382B9E23BA00CAA177 /* PBXTargetDependency */ = {
			isa = PBXTargetDependency;
			target = 177C31252B9E23B900CAA177 /* Thing */;
			targetProxy = 177C31372B9E23BA00CAA177 /* PBXContainerItemProxy */;
		};
		177C31422B9E23BA00CAA177 /* PBXTargetDependency */ = {
			isa = PBXTargetDependency;
			target = 177C31252B9E23B900CAA177 /* Thing */;
			targetProxy = 177C31412B9E23BA00CAA177 /* PBXContainerItemProxy */;
		};
/* End PBXTargetDependency section */

/* Begin XCBuildConfiguration section */
		177C31482B9E23BA00CAA177 /* Debug */ = {
			isa = XCBuildConfiguration;
			buildSettings = {
				ALWAYS_SEARCH_USER_PATHS = NO;
				ASSETCATALOG_COMPILER_GENERATE_SWIFT_ASSET_SYMBOL_EXTENSIONS = YES;
				CLANG_ANALYZER_NONNULL = YES;
				CLANG_ANALYZER_NUMBER_OBJECT_CONVERSION = YES_AGGRESSIVE;
				CLANG_CXX_LANGUAGE_STANDARD = "gnu++20";
				CLANG_ENABLE_MODULES = YES;
				CLANG_ENABLE_OBJC_ARC = YES;
				CLANG_ENABLE_OBJC_WEAK = YES;
				CLANG_WARN_BLOCK_CAPTURE_AUTORELEASING = YES;
				CLANG_WARN_BOOL_CONVERSION = YES;
				CLANG_WARN_COMMA = YES;
				CLANG_WARN_CONSTANT_CONVERSION = YES;
				CLANG_WARN_DEPRECATED_OBJC_IMPLEMENTATIONS = YES;
				CLANG_WARN_DIRECT_OBJC_ISA_USAGE = YES_ERROR;
				CLANG_WARN_DOCUMENTATION_COMMENTS = YES;
				CLANG_WARN_EMPTY_BODY = YES;
				CLANG_WARN_ENUM_CONVERSION = YES;
				CLANG_WARN_INFINITE_RECURSION = YES;
				CLANG_WARN_INT_CONVERSION = YES;
				CLANG_WARN_NON_LITERAL_NULL_CONVERSION = YES;
				CLANG_WARN_OBJC_IMPLICIT_RETAIN_SELF = YES;
				CLANG_WARN_OBJC_LITERAL_CONVERSION = YES;
				CLANG_WARN_OBJC_ROOT_CLASS = YES_ERROR;
				CLANG_WARN_QUOTED_INCLUDE_IN_FRAMEWORK_HEADER = YES;
				CLANG_WARN_RANGE_LOOP_ANALYSIS = YES;
				CLANG_WARN_STRICT_PROTOTYPES = YES;
				CLANG_WARN_SUSPICIOUS_MOVE = YES;
				CLANG_WARN_UNGUARDED_AVAILABILITY = YES_AGGRESSIVE;
				CLANG_WARN_UNREACHABLE_CODE = YES;
				CLANG_WARN__DUPLICATE_METHOD_MATCH = YES;
				COPY_PHASE_STRIP = NO;
				DEBUG_INFORMATION_FORMAT = dwarf;
				ENABLE_STRICT_OBJC_MSGSEND = YES;
				ENABLE_TESTABILITY = YES;
				ENABLE_USER_SCRIPT_SANDBOXING = YES;
				GCC_C_LANGUAGE_STANDARD = gnu17;
				GCC_DYNAMIC_NO_PIC = NO;
				GCC_NO_COMMON_BLOCKS = YES;
				GCC_OPTIMIZATION_LEVEL = 0;
				GCC_PREPROCESSOR_DEFINITIONS = (
					"DEBUG=1",
					"$(inherited)",
				);
				GCC_WARN_64_TO_32_BIT_CONVERSION = YES;
				GCC_WARN_ABOUT_RETURN_TYPE = YES_ERROR;
				GCC_WARN_UNDECLARED_SELECTOR = YES;
				GCC_WARN_UNINITIALIZED_AUTOS = YES_AGGRESSIVE;
				GCC_WARN_UNUSED_FUNCTION = YES;
				GCC_WARN_UNUSED_VARIABLE = YES;
				IPHONEOS_DEPLOYMENT_TARGET = 17.2;
				LOCALIZATION_PREFERS_STRING_CATALOGS = YES;
				MTL_ENABLE_DEBUG_INFO = INCLUDE_SOURCE;
				MTL_FAST_MATH = YES;
				ONLY_ACTIVE_ARCH = YES;
				SDKROOT = iphoneos;
				SWIFT_ACTIVE_COMPILATION_CONDITIONS = "DEBUG $(inherited)";
				SWIFT_OPTIMIZATION_LEVEL = "-Onone";
			};
			name = Debug;
		};
		177C31492B9E23BA00CAA177 /* Release */ = {
			isa = XCBuildConfiguration;
			buildSettings = {
				ALWAYS_SEARCH_USER_PATHS = NO;
				ASSETCATALOG_COMPILER_GENERATE_SWIFT_ASSET_SYMBOL_EXTENSIONS = YES;
				CLANG_ANALYZER_NONNULL = YES;
				CLANG_ANALYZER_NUMBER_OBJECT_CONVERSION = YES_AGGRESSIVE;
				CLANG_CXX_LANGUAGE_STANDARD = "gnu++20";
				CLANG_ENABLE_MODULES = YES;
				CLANG_ENABLE_OBJC_ARC = YES;
				CLANG_ENABLE_OBJC_WEAK = YES;
				CLANG_WARN_BLOCK_CAPTURE_AUTORELEASING = YES;
				CLANG_WARN_BOOL_CONVERSION = YES;
				CLANG_WARN_COMMA = YES;
				CLANG_WARN_CONSTANT_CONVERSION = YES;
				CLANG_WARN_DEPRECATED_OBJC_IMPLEMENTATIONS = YES;
				CLANG_WARN_DIRECT_OBJC_ISA_USAGE = YES_ERROR;
				CLANG_WARN_DOCUMENTATION_COMMENTS = YES;
				CLANG_WARN_EMPTY_BODY = YES;
				CLANG_WARN_ENUM_CONVERSION = YES;
				CLANG_WARN_INFINITE_RECURSION = YES;
				CLANG_WARN_INT_CONVERSION = YES;
				CLANG_WARN_NON_LITERAL_NULL_CONVERSION = YES;
				CLANG_WARN_OBJC_IMPLICIT_RETAIN_SELF = YES;
				CLANG_WARN_OBJC_LITERAL_CONVERSION = YES;
				CLANG_WARN_OBJC_ROOT_CLASS = YES_ERROR;
				CLANG_WARN_QUOTED_INCLUDE_IN_FRAMEWORK_HEADER = YES;
				CLANG_WARN_RANGE_LOOP_ANALYSIS = YES;
				CLANG_WARN_STRICT_PROTOTYPES = YES;
				CLANG_WARN_SUSPICIOUS_MOVE = YES;
				CLANG_WARN_UNGUARDED_AVAILABILITY = YES_AGGRESSIVE;
				CLANG_WARN_UNREACHABLE_CODE = YES;
				CLANG_WARN__DUPLICATE_METHOD_MATCH = YES;
				COPY_PHASE_STRIP = NO;
				DEBUG_INFORMATION_FORMAT = "dwarf-with-dsym";
				ENABLE_NS_ASSERTIONS = NO;
				ENABLE_STRICT_OBJC_MSGSEND = YES;
				ENABLE_USER_SCRIPT_SANDBOXING = YES;
				GCC_C_LANGUAGE_STANDARD = gnu17;
				GCC_NO_COMMON_BLOCKS = YES;
				GCC_WARN_64_TO_32_BIT_CONVERSION = YES;
				GCC_WARN_ABOUT_RETURN_TYPE = YES_ERROR;
				GCC_WARN_UNDECLARED_SELECTOR = YES;
				GCC_WARN_UNINITIALIZED_AUTOS = YES_AGGRESSIVE;
				GCC_WARN_UNUSED_FUNCTION = YES;
				GCC_WARN_UNUSED_VARIABLE = YES;
				IPHONEOS_DEPLOYMENT_TARGET = 17.2;
				LOCALIZATION_PREFERS_STRING_CATALOGS = YES;
				MTL_ENABLE_DEBUG_INFO = NO;
				MTL_FAST_MATH = YES;
				SDKROOT = iphoneos;
				SWIFT_COMPILATION_MODE = wholemodule;
				VALIDATE_PRODUCT = YES;
			};
			name = Release;
		};
		177C314B2B9E23BA00CAA177 /* Debug */ = {
			isa = XCBuildConfiguration;
			buildSettings = {
				ASSETCATALOG_COMPILER_APPICON_NAME = AppIcon;
				ASSETCATALOG_COMPILER_GLOBAL_ACCENT_COLOR_NAME = AccentColor;
				CODE_SIGN_ENTITLEMENTS = Thing/Thing.entitlements;
				CODE_SIGN_STYLE = Automatic;
				CURRENT_PROJECT_VERSION = 1;
				DEVELOPMENT_ASSET_PATHS = "\"Thing/Preview Content\"";
				DEVELOPMENT_TEAM = SRV69WG7C2;
				ENABLE_PREVIEWS = YES;
				GENERATE_INFOPLIST_FILE = YES;
				INFOPLIST_KEY_NSHealthShareUsageDescription = "This app uses your step count to help you track your fitness progress.";
				INFOPLIST_KEY_NSLocationWhenInUseUsageDescription = "This app requires your location to provide navigation directions";
				INFOPLIST_KEY_UIApplicationSceneManifest_Generation = YES;
				INFOPLIST_KEY_UIApplicationSupportsIndirectInputEvents = YES;
				INFOPLIST_KEY_UILaunchScreen_Generation = YES;
				INFOPLIST_KEY_UISupportedInterfaceOrientations_iPad = "UIInterfaceOrientationPortrait UIInterfaceOrientationPortraitUpsideDown UIInterfaceOrientationLandscapeLeft UIInterfaceOrientationLandscapeRight";
				INFOPLIST_KEY_UISupportedInterfaceOrientations_iPhone = "UIInterfaceOrientationPortrait UIInterfaceOrientationLandscapeLeft UIInterfaceOrientationLandscapeRight";
				LD_RUNPATH_SEARCH_PATHS = (
					"$(inherited)",
					"@executable_path/Frameworks",
				);
				MARKETING_VERSION = 1.0;
				PRODUCT_BUNDLE_IDENTIFIER = Travel.Thing;
				PRODUCT_NAME = "$(TARGET_NAME)";
				SWIFT_EMIT_LOC_STRINGS = YES;
				SWIFT_VERSION = 5.0;
				TARGETED_DEVICE_FAMILY = "1,2";
			};
			name = Debug;
		};
		177C314C2B9E23BA00CAA177 /* Release */ = {
			isa = XCBuildConfiguration;
			buildSettings = {
				ASSETCATALOG_COMPILER_APPICON_NAME = AppIcon;
				ASSETCATALOG_COMPILER_GLOBAL_ACCENT_COLOR_NAME = AccentColor;
				CODE_SIGN_ENTITLEMENTS = Thing/Thing.entitlements;
				CODE_SIGN_STYLE = Automatic;
				CURRENT_PROJECT_VERSION = 1;
				DEVELOPMENT_ASSET_PATHS = "\"Thing/Preview Content\"";
				DEVELOPMENT_TEAM = SRV69WG7C2;
				ENABLE_PREVIEWS = YES;
				GENERATE_INFOPLIST_FILE = YES;
				INFOPLIST_KEY_NSHealthShareUsageDescription = "This app uses your step count to help you track your fitness progress.";
				INFOPLIST_KEY_NSLocationWhenInUseUsageDescription = "This app requires your location to provide navigation directions";
				INFOPLIST_KEY_UIApplicationSceneManifest_Generation = YES;
				INFOPLIST_KEY_UIApplicationSupportsIndirectInputEvents = YES;
				INFOPLIST_KEY_UILaunchScreen_Generation = YES;
				INFOPLIST_KEY_UISupportedInterfaceOrientations_iPad = "UIInterfaceOrientationPortrait UIInterfaceOrientationPortraitUpsideDown UIInterfaceOrientationLandscapeLeft UIInterfaceOrientationLandscapeRight";
				INFOPLIST_KEY_UISupportedInterfaceOrientations_iPhone = "UIInterfaceOrientationPortrait UIInterfaceOrientationLandscapeLeft UIInterfaceOrientationLandscapeRight";
				LD_RUNPATH_SEARCH_PATHS = (
					"$(inherited)",
					"@executable_path/Frameworks",
				);
				MARKETING_VERSION = 1.0;
				PRODUCT_BUNDLE_IDENTIFIER = Travel.Thing;
				PRODUCT_NAME = "$(TARGET_NAME)";
				SWIFT_EMIT_LOC_STRINGS = YES;
				SWIFT_VERSION = 5.0;
				TARGETED_DEVICE_FAMILY = "1,2";
			};
			name = Release;
		};
		177C314E2B9E23BA00CAA177 /* Debug */ = {
			isa = XCBuildConfiguration;
			buildSettings = {
				ALWAYS_EMBED_SWIFT_STANDARD_LIBRARIES = YES;
				BUNDLE_LOADER = "$(TEST_HOST)";
				CODE_SIGN_STYLE = Automatic;
				CURRENT_PROJECT_VERSION = 1;
				DEVELOPMENT_TEAM = SRV69WG7C2;
				GENERATE_INFOPLIST_FILE = YES;
				IPHONEOS_DEPLOYMENT_TARGET = 17.2;
				MARKETING_VERSION = 1.0;
				PRODUCT_BUNDLE_IDENTIFIER = Travel.ThingTests;
				PRODUCT_NAME = "$(TARGET_NAME)";
				SWIFT_EMIT_LOC_STRINGS = NO;
				SWIFT_VERSION = 5.0;
				TARGETED_DEVICE_FAMILY = "1,2";
				TEST_HOST = "$(BUILT_PRODUCTS_DIR)/Thing.app/$(BUNDLE_EXECUTABLE_FOLDER_PATH)/Thing";
			};
			name = Debug;
		};
		177C314F2B9E23BA00CAA177 /* Release */ = {
			isa = XCBuildConfiguration;
			buildSettings = {
				ALWAYS_EMBED_SWIFT_STANDARD_LIBRARIES = YES;
				BUNDLE_LOADER = "$(TEST_HOST)";
				CODE_SIGN_STYLE = Automatic;
				CURRENT_PROJECT_VERSION = 1;
				DEVELOPMENT_TEAM = SRV69WG7C2;
				GENERATE_INFOPLIST_FILE = YES;
				IPHONEOS_DEPLOYMENT_TARGET = 17.2;
				MARKETING_VERSION = 1.0;
				PRODUCT_BUNDLE_IDENTIFIER = Travel.ThingTests;
				PRODUCT_NAME = "$(TARGET_NAME)";
				SWIFT_EMIT_LOC_STRINGS = NO;
				SWIFT_VERSION = 5.0;
				TARGETED_DEVICE_FAMILY = "1,2";
				TEST_HOST = "$(BUILT_PRODUCTS_DIR)/Thing.app/$(BUNDLE_EXECUTABLE_FOLDER_PATH)/Thing";
			};
			name = Release;
		};
		177C31512B9E23BA00CAA177 /* Debug */ = {
			isa = XCBuildConfiguration;
			buildSettings = {
				ALWAYS_EMBED_SWIFT_STANDARD_LIBRARIES = YES;
				CODE_SIGN_STYLE = Automatic;
				CURRENT_PROJECT_VERSION = 1;
				DEVELOPMENT_TEAM = SRV69WG7C2;
				GENERATE_INFOPLIST_FILE = YES;
				MARKETING_VERSION = 1.0;
				PRODUCT_BUNDLE_IDENTIFIER = Travel.ThingUITests;
				PRODUCT_NAME = "$(TARGET_NAME)";
				SWIFT_EMIT_LOC_STRINGS = NO;
				SWIFT_VERSION = 5.0;
				TARGETED_DEVICE_FAMILY = "1,2";
				TEST_TARGET_NAME = Thing;
			};
			name = Debug;
		};
		177C31522B9E23BA00CAA177 /* Release */ = {
			isa = XCBuildConfiguration;
			buildSettings = {
				ALWAYS_EMBED_SWIFT_STANDARD_LIBRARIES = YES;
				CODE_SIGN_STYLE = Automatic;
				CURRENT_PROJECT_VERSION = 1;
				DEVELOPMENT_TEAM = SRV69WG7C2;
				GENERATE_INFOPLIST_FILE = YES;
				MARKETING_VERSION = 1.0;
				PRODUCT_BUNDLE_IDENTIFIER = Travel.ThingUITests;
				PRODUCT_NAME = "$(TARGET_NAME)";
				SWIFT_EMIT_LOC_STRINGS = NO;
				SWIFT_VERSION = 5.0;
				TARGETED_DEVICE_FAMILY = "1,2";
				TEST_TARGET_NAME = Thing;
			};
			name = Release;
		};
/* End XCBuildConfiguration section */

/* Begin XCConfigurationList section */
		177C31212B9E23B900CAA177 /* Build configuration list for PBXProject "Thing" */ = {
			isa = XCConfigurationList;
			buildConfigurations = (
				177C31482B9E23BA00CAA177 /* Debug */,
				177C31492B9E23BA00CAA177 /* Release */,
			);
			defaultConfigurationIsVisible = 0;
			defaultConfigurationName = Release;
		};
		177C314A2B9E23BA00CAA177 /* Build configuration list for PBXNativeTarget "Thing" */ = {
			isa = XCConfigurationList;
			buildConfigurations = (
				177C314B2B9E23BA00CAA177 /* Debug */,
				177C314C2B9E23BA00CAA177 /* Release */,
			);
			defaultConfigurationIsVisible = 0;
			defaultConfigurationName = Release;
		};
		177C314D2B9E23BA00CAA177 /* Build configuration list for PBXNativeTarget "ThingTests" */ = {
			isa = XCConfigurationList;
			buildConfigurations = (
				177C314E2B9E23BA00CAA177 /* Debug */,
				177C314F2B9E23BA00CAA177 /* Release */,
			);
			defaultConfigurationIsVisible = 0;
			defaultConfigurationName = Release;
		};
		177C31502B9E23BA00CAA177 /* Build configuration list for PBXNativeTarget "ThingUITests" */ = {
			isa = XCConfigurationList;
			buildConfigurations = (
				177C31512B9E23BA00CAA177 /* Debug */,
				177C31522B9E23BA00CAA177 /* Release */,
			);
			defaultConfigurationIsVisible = 0;
			defaultConfigurationName = Release;
		};
/* End XCConfigurationList section */
	};
	rootObject = 177C311E2B9E23B900CAA177 /* Project object */;
}
